// !$*UTF8*$!
{
	archiveVersion = 1;
	classes = {
	};
	objectVersion = 46;
	objects = {

/* Begin PBXBuildFile section */
		424307381D198AA700880BDB /* ResponseViewController.swift in Sources */ = {isa = PBXBuildFile; fileRef = 424307371D198AA700880BDB /* ResponseViewController.swift */; };
		4243073A1D198EAF00880BDB /* olingo120.png in Resources */ = {isa = PBXBuildFile; fileRef = 424307391D198EAF00880BDB /* olingo120.png */; };
		4243073D1D19A14B00880BDB /* Customer.swift in Sources */ = {isa = PBXBuildFile; fileRef = 4243073C1D19A14B00880BDB /* Customer.swift */; };
		4243077B1D1C2A7C00880BDB /* RetrieveRequestFactory.swift in Sources */ = {isa = PBXBuildFile; fileRef = 424307661D1C2A7C00880BDB /* RetrieveRequestFactory.swift */; };
		424307801D1C2B0600880BDB /* ODataClient.swift in Sources */ = {isa = PBXBuildFile; fileRef = 4243077F1D1C2B0600880BDB /* ODataClient.swift */; };
		424307821D1C2B3900880BDB /* ODataClientImp.swift in Sources */ = {isa = PBXBuildFile; fileRef = 424307811D1C2B3900880BDB /* ODataClientImp.swift */; };
		424307851D1C2BAB00880BDB /* PropertyTest.swift in Sources */ = {isa = PBXBuildFile; fileRef = 424307841D1C2BAB00880BDB /* PropertyTest.swift */; };
		424307871D1C2C1D00880BDB /* PropertyTestImp.swift in Sources */ = {isa = PBXBuildFile; fileRef = 424307861D1C2C1D00880BDB /* PropertyTestImp.swift */; };
		4243078B1D1C2EF600880BDB /* RetrieveRequestFactoryImp.swift in Sources */ = {isa = PBXBuildFile; fileRef = 4243078A1D1C2EF600880BDB /* RetrieveRequestFactoryImp.swift */; };
		4243078D1D1C3DD700880BDB /* ODataClientFactory.swift in Sources */ = {isa = PBXBuildFile; fileRef = 4243078C1D1C3DD700880BDB /* ODataClientFactory.swift */; };
		42E62B2F1D0B0E91004B1B6D /* AppDelegate.swift in Sources */ = {isa = PBXBuildFile; fileRef = 42E62B2E1D0B0E91004B1B6D /* AppDelegate.swift */; };
		42E62B311D0B0E91004B1B6D /* ViewController.swift in Sources */ = {isa = PBXBuildFile; fileRef = 42E62B301D0B0E91004B1B6D /* ViewController.swift */; };
		42E62B341D0B0E91004B1B6D /* Main.storyboard in Resources */ = {isa = PBXBuildFile; fileRef = 42E62B321D0B0E91004B1B6D /* Main.storyboard */; };
		42E62B361D0B0E91004B1B6D /* Assets.xcassets in Resources */ = {isa = PBXBuildFile; fileRef = 42E62B351D0B0E91004B1B6D /* Assets.xcassets */; };
		42E62B391D0B0E91004B1B6D /* LaunchScreen.storyboard in Resources */ = {isa = PBXBuildFile; fileRef = 42E62B371D0B0E91004B1B6D /* LaunchScreen.storyboard */; };
		42E62B441D0B0E91004B1B6D /* iOS_OlingoTests.swift in Sources */ = {isa = PBXBuildFile; fileRef = 42E62B431D0B0E91004B1B6D /* iOS_OlingoTests.swift */; };
		42E62B4F1D0B0E91004B1B6D /* iOS_OlingoUITests.swift in Sources */ = {isa = PBXBuildFile; fileRef = 42E62B4E1D0B0E91004B1B6D /* iOS_OlingoUITests.swift */; };
/* End PBXBuildFile section */

/* Begin PBXContainerItemProxy section */
		42E62B401D0B0E91004B1B6D /* PBXContainerItemProxy */ = {
			isa = PBXContainerItemProxy;
			containerPortal = 42E62B231D0B0E91004B1B6D /* Project object */;
			proxyType = 1;
			remoteGlobalIDString = 42E62B2A1D0B0E91004B1B6D;
			remoteInfo = "iOS-Olingo";
		};
		42E62B4B1D0B0E91004B1B6D /* PBXContainerItemProxy */ = {
			isa = PBXContainerItemProxy;
			containerPortal = 42E62B231D0B0E91004B1B6D /* Project object */;
			proxyType = 1;
			remoteGlobalIDString = 42E62B2A1D0B0E91004B1B6D;
			remoteInfo = "iOS-Olingo";
		};
/* End PBXContainerItemProxy section */

/* Begin PBXFileReference section */
		424307371D198AA700880BDB /* ResponseViewController.swift */ = {isa = PBXFileReference; fileEncoding = 4; lastKnownFileType = sourcecode.swift; path = ResponseViewController.swift; sourceTree = "<group>"; };
		424307391D198EAF00880BDB /* olingo120.png */ = {isa = PBXFileReference; lastKnownFileType = image.png; path = olingo120.png; sourceTree = "<group>"; };
		4243073C1D19A14B00880BDB /* Customer.swift */ = {isa = PBXFileReference; fileEncoding = 4; lastKnownFileType = sourcecode.swift; path = Customer.swift; sourceTree = "<group>"; };
		424307661D1C2A7C00880BDB /* RetrieveRequestFactory.swift */ = {isa = PBXFileReference; fileEncoding = 4; lastKnownFileType = sourcecode.swift; name = RetrieveRequestFactory.swift; path = ClientLibrary/api/communication/request/retrieve/RetrieveRequestFactory.swift; sourceTree = "<group>"; };
		4243077F1D1C2B0600880BDB /* ODataClient.swift */ = {isa = PBXFileReference; fileEncoding = 4; lastKnownFileType = sourcecode.swift; name = ODataClient.swift; path = ClientLibrary/api/ODataClient.swift; sourceTree = "<group>"; };
		424307811D1C2B3900880BDB /* ODataClientImp.swift */ = {isa = PBXFileReference; fileEncoding = 4; lastKnownFileType = sourcecode.swift; name = ODataClientImp.swift; path = ClientLibrary/core/ODataClientImp.swift; sourceTree = "<group>"; };
		424307841D1C2BAB00880BDB /* PropertyTest.swift */ = {isa = PBXFileReference; fileEncoding = 4; lastKnownFileType = sourcecode.swift; name = PropertyTest.swift; path = "Design Trials/PropertyTest.swift"; sourceTree = "<group>"; };
		424307861D1C2C1D00880BDB /* PropertyTestImp.swift */ = {isa = PBXFileReference; fileEncoding = 4; lastKnownFileType = sourcecode.swift; name = PropertyTestImp.swift; path = "Design Trials/PropertyTestImp.swift"; sourceTree = "<group>"; };
		4243078A1D1C2EF600880BDB /* RetrieveRequestFactoryImp.swift */ = {isa = PBXFileReference; fileEncoding = 4; lastKnownFileType = sourcecode.swift; name = RetrieveRequestFactoryImp.swift; path = ClientLibrary/core/communication/request/retrieve/RetrieveRequestFactoryImp.swift; sourceTree = "<group>"; };
		4243078C1D1C3DD700880BDB /* ODataClientFactory.swift */ = {isa = PBXFileReference; fileEncoding = 4; lastKnownFileType = sourcecode.swift; name = ODataClientFactory.swift; path = ClientLibrary/core/ODataClientFactory.swift; sourceTree = "<group>"; };
		42E62B2B1D0B0E91004B1B6D /* iOS-Olingo.app */ = {isa = PBXFileReference; explicitFileType = wrapper.application; includeInIndex = 0; path = "iOS-Olingo.app"; sourceTree = BUILT_PRODUCTS_DIR; };
		42E62B2E1D0B0E91004B1B6D /* AppDelegate.swift */ = {isa = PBXFileReference; lastKnownFileType = sourcecode.swift; path = AppDelegate.swift; sourceTree = "<group>"; };
		42E62B301D0B0E91004B1B6D /* ViewController.swift */ = {isa = PBXFileReference; lastKnownFileType = sourcecode.swift; path = ViewController.swift; sourceTree = "<group>"; };
		42E62B331D0B0E91004B1B6D /* Base */ = {isa = PBXFileReference; lastKnownFileType = file.storyboard; name = Base; path = Base.lproj/Main.storyboard; sourceTree = "<group>"; };
		42E62B351D0B0E91004B1B6D /* Assets.xcassets */ = {isa = PBXFileReference; lastKnownFileType = folder.assetcatalog; path = Assets.xcassets; sourceTree = "<group>"; };
		42E62B381D0B0E91004B1B6D /* Base */ = {isa = PBXFileReference; lastKnownFileType = file.storyboard; name = Base; path = Base.lproj/LaunchScreen.storyboard; sourceTree = "<group>"; };
		42E62B3A1D0B0E91004B1B6D /* Info.plist */ = {isa = PBXFileReference; lastKnownFileType = text.plist.xml; path = Info.plist; sourceTree = "<group>"; };
		42E62B3F1D0B0E91004B1B6D /* iOS-OlingoTests.xctest */ = {isa = PBXFileReference; explicitFileType = wrapper.cfbundle; includeInIndex = 0; path = "iOS-OlingoTests.xctest"; sourceTree = BUILT_PRODUCTS_DIR; };
		42E62B431D0B0E91004B1B6D /* iOS_OlingoTests.swift */ = {isa = PBXFileReference; lastKnownFileType = sourcecode.swift; path = iOS_OlingoTests.swift; sourceTree = "<group>"; };
		42E62B451D0B0E91004B1B6D /* Info.plist */ = {isa = PBXFileReference; lastKnownFileType = text.plist.xml; path = Info.plist; sourceTree = "<group>"; };
		42E62B4A1D0B0E91004B1B6D /* iOS-OlingoUITests.xctest */ = {isa = PBXFileReference; explicitFileType = wrapper.cfbundle; includeInIndex = 0; path = "iOS-OlingoUITests.xctest"; sourceTree = BUILT_PRODUCTS_DIR; };
		42E62B4E1D0B0E91004B1B6D /* iOS_OlingoUITests.swift */ = {isa = PBXFileReference; lastKnownFileType = sourcecode.swift; path = iOS_OlingoUITests.swift; sourceTree = "<group>"; };
		42E62B501D0B0E91004B1B6D /* Info.plist */ = {isa = PBXFileReference; lastKnownFileType = text.plist.xml; path = Info.plist; sourceTree = "<group>"; };
/* End PBXFileReference section */

/* Begin PBXFrameworksBuildPhase section */
		42E62B281D0B0E91004B1B6D /* Frameworks */ = {
			isa = PBXFrameworksBuildPhase;
			buildActionMask = 2147483647;
			files = (
			);
			runOnlyForDeploymentPostprocessing = 0;
		};
		42E62B3C1D0B0E91004B1B6D /* Frameworks */ = {
			isa = PBXFrameworksBuildPhase;
			buildActionMask = 2147483647;
			files = (
			);
			runOnlyForDeploymentPostprocessing = 0;
		};
		42E62B471D0B0E91004B1B6D /* Frameworks */ = {
			isa = PBXFrameworksBuildPhase;
			buildActionMask = 2147483647;
			files = (
			);
			runOnlyForDeploymentPostprocessing = 0;
		};
/* End PBXFrameworksBuildPhase section */

/* Begin PBXGroup section */
		4243073B1D19A11F00880BDB /* Entities */ = {
			isa = PBXGroup;
			children = (
				4243073C1D19A14B00880BDB /* Customer.swift */,
			);
			name = Entities;
			sourceTree = "<group>";
		};
		4243073E1D1BEAC900880BDB /* ClientLibrary */ = {
			isa = PBXGroup;
			children = (
				424307401D1BEB4800880BDB /* core */,
				4243073F1D1BEB3E00880BDB /* api */,
			);
			name = ClientLibrary;
			sourceTree = "<group>";
		};
		4243073F1D1BEB3E00880BDB /* api */ = {
			isa = PBXGroup;
			children = (
				4243079F1D1D7C5F00880BDB /* http */,
				4243077F1D1C2B0600880BDB /* ODataClient.swift */,
				4243074F1D1BEC8A00880BDB /* format */,
				4243074E1D1BEC8400880BDB /* ex */,
				4243074D1D1BEC7B00880BDB /* edmx */,
				424307461D1BEBC900880BDB /* uri */,
				424307451D1BEBB900880BDB /* serialization */,
				424307441D1BEBAC00880BDB /* edm */,
				424307431D1BEBA400880BDB /* domain */,
				424307421D1BEB9D00880BDB /* data */,
				424307411D1BEB8D00880BDB /* communication */,
			);
			name = api;
			sourceTree = "<group>";
		};
		424307401D1BEB4800880BDB /* core */ = {
			isa = PBXGroup;
			children = (
				424307811D1C2B3900880BDB /* ODataClientImp.swift */,
				4243078C1D1C3DD700880BDB /* ODataClientFactory.swift */,
				4243074C1D1BEC2A00880BDB /* uri */,
				4243074B1D1BEC1D00880BDB /* serialization */,
				4243074A1D1BEC1600880BDB /* edm */,
				424307491D1BEC1000880BDB /* domain */,
				424307481D1BEC0900880BDB /* data */,
				424307471D1BEC0000880BDB /* communication */,
			);
			name = core;
			sourceTree = "<group>";
		};
		424307411D1BEB8D00880BDB /* communication */ = {
			isa = PBXGroup;
			children = (
				424307A11D1D7C8700880BDB /* header */,
				424307A01D1D7C7C00880BDB /* response */,
				424307521D1BEEA800880BDB /* request */,
			);
			name = communication;
			sourceTree = "<group>";
		};
		424307421D1BEB9D00880BDB /* data */ = {
			isa = PBXGroup;
			children = (
			);
			name = data;
			sourceTree = "<group>";
		};
		424307431D1BEBA400880BDB /* domain */ = {
			isa = PBXGroup;
			children = (
			);
			name = domain;
			sourceTree = "<group>";
		};
		424307441D1BEBAC00880BDB /* edm */ = {
			isa = PBXGroup;
			children = (
				4243079E1D1D7C4300880BDB /* annotation */,
				4243079D1D1D7C3700880BDB /* geo */,
				4243079C1D1D7C2F00880BDB /* xml */,
				4243079A1D1D7BCD00880BDB /* constants */,
				424307991D1D7BC300880BDB /* provider */,
			);
			name = edm;
			sourceTree = "<group>";
		};
		424307451D1BEBB900880BDB /* serialization */ = {
			isa = PBXGroup;
			children = (
			);
			name = serialization;
			sourceTree = "<group>";
		};
		424307461D1BEBC900880BDB /* uri */ = {
			isa = PBXGroup;
			children = (
			);
			name = uri;
			sourceTree = "<group>";
		};
		424307471D1BEC0000880BDB /* communication */ = {
			isa = PBXGroup;
			children = (
				424307911D1D7B3900880BDB /* response */,
				424307901D1D7B2F00880BDB /* header */,
				4243075B1D1BF4A200880BDB /* request */,
			);
			name = communication;
			sourceTree = "<group>";
		};
		424307481D1BEC0900880BDB /* data */ = {
			isa = PBXGroup;
			children = (
			);
			name = data;
			sourceTree = "<group>";
		};
		424307491D1BEC1000880BDB /* domain */ = {
			isa = PBXGroup;
			children = (
			);
			name = domain;
			sourceTree = "<group>";
		};
		4243074A1D1BEC1600880BDB /* edm */ = {
			isa = PBXGroup;
			children = (
				424307971D1D7B7C00880BDB /* xml */,
			);
			name = edm;
			sourceTree = "<group>";
		};
		4243074B1D1BEC1D00880BDB /* serialization */ = {
			isa = PBXGroup;
			children = (
			);
			name = serialization;
			sourceTree = "<group>";
		};
		4243074C1D1BEC2A00880BDB /* uri */ = {
			isa = PBXGroup;
			children = (
			);
			name = uri;
			sourceTree = "<group>";
		};
		4243074D1D1BEC7B00880BDB /* edmx */ = {
			isa = PBXGroup;
			children = (
			);
			name = edmx;
			sourceTree = "<group>";
		};
		4243074E1D1BEC8400880BDB /* ex */ = {
			isa = PBXGroup;
			children = (
			);
			name = ex;
			sourceTree = "<group>";
		};
		4243074F1D1BEC8A00880BDB /* format */ = {
			isa = PBXGroup;
			children = (
			);
			name = format;
			sourceTree = "<group>";
		};
		424307521D1BEEA800880BDB /* request */ = {
			isa = PBXGroup;
			children = (
				424307A51D1D7CAE00880BDB /* cud */,
				424307A41D1D7CA100880BDB /* batch */,
				424307A31D1D7C9900880BDB /* invoke */,
				424307A21D1D7C9300880BDB /* streamed */,
				424307531D1BEEB200880BDB /* retrieve */,
			);
			name = request;
			sourceTree = "<group>";
		};
		424307531D1BEEB200880BDB /* retrieve */ = {
			isa = PBXGroup;
			children = (
				424307661D1C2A7C00880BDB /* RetrieveRequestFactory.swift */,
			);
			name = retrieve;
			sourceTree = "<group>";
		};
		4243075B1D1BF4A200880BDB /* request */ = {
			isa = PBXGroup;
			children = (
				424307961D1D7B6D00880BDB /* streamed */,
				424307951D1D7B6200880BDB /* invoke */,
				424307941D1D7B5B00880BDB /* cud */,
				424307931D1D7B5400880BDB /* batch */,
				4243075C1D1BF4AC00880BDB /* retrieve */,
			);
			name = request;
			sourceTree = "<group>";
		};
		4243075C1D1BF4AC00880BDB /* retrieve */ = {
			isa = PBXGroup;
			children = (
				4243078A1D1C2EF600880BDB /* RetrieveRequestFactoryImp.swift */,
			);
			name = retrieve;
			sourceTree = "<group>";
		};
		424307831D1C2B4D00880BDB /* Design Trials */ = {
			isa = PBXGroup;
			children = (
				424307841D1C2BAB00880BDB /* PropertyTest.swift */,
				424307861D1C2C1D00880BDB /* PropertyTestImp.swift */,
			);
			name = "Design Trials";
			sourceTree = "<group>";
		};
		424307901D1D7B2F00880BDB /* header */ = {
			isa = PBXGroup;
			children = (
			);
			name = header;
			sourceTree = "<group>";
		};
		424307911D1D7B3900880BDB /* response */ = {
			isa = PBXGroup;
			children = (
				424307921D1D7B4300880BDB /* batch */,
			);
			name = response;
			sourceTree = "<group>";
		};
		424307921D1D7B4300880BDB /* batch */ = {
			isa = PBXGroup;
			children = (
			);
			name = batch;
			sourceTree = "<group>";
		};
		424307931D1D7B5400880BDB /* batch */ = {
			isa = PBXGroup;
			children = (
			);
			name = batch;
			sourceTree = "<group>";
		};
		424307941D1D7B5B00880BDB /* cud */ = {
			isa = PBXGroup;
			children = (
			);
			name = cud;
			sourceTree = "<group>";
		};
		424307951D1D7B6200880BDB /* invoke */ = {
			isa = PBXGroup;
			children = (
			);
			name = invoke;
			sourceTree = "<group>";
		};
		424307961D1D7B6D00880BDB /* streamed */ = {
			isa = PBXGroup;
			children = (
			);
			name = streamed;
			sourceTree = "<group>";
		};
		424307971D1D7B7C00880BDB /* xml */ = {
			isa = PBXGroup;
			children = (
				424307981D1D7B8500880BDB /* annotation */,
			);
			name = xml;
			sourceTree = "<group>";
		};
		424307981D1D7B8500880BDB /* annotation */ = {
			isa = PBXGroup;
			children = (
			);
			name = annotation;
			sourceTree = "<group>";
		};
		424307991D1D7BC300880BDB /* provider */ = {
			isa = PBXGroup;
			children = (
				4243079B1D1D7C1F00880BDB /* annotation */,
			);
			name = provider;
			sourceTree = "<group>";
		};
		4243079A1D1D7BCD00880BDB /* constants */ = {
			isa = PBXGroup;
			children = (
			);
			name = constants;
			sourceTree = "<group>";
		};
		4243079B1D1D7C1F00880BDB /* annotation */ = {
			isa = PBXGroup;
			children = (
			);
			name = annotation;
			sourceTree = "<group>";
		};
		4243079C1D1D7C2F00880BDB /* xml */ = {
			isa = PBXGroup;
			children = (
			);
			name = xml;
			sourceTree = "<group>";
		};
		4243079D1D1D7C3700880BDB /* geo */ = {
			isa = PBXGroup;
			children = (
			);
			name = geo;
			sourceTree = "<group>";
		};
		4243079E1D1D7C4300880BDB /* annotation */ = {
			isa = PBXGroup;
			children = (
			);
			name = annotation;
			sourceTree = "<group>";
		};
		4243079F1D1D7C5F00880BDB /* http */ = {
			isa = PBXGroup;
			children = (
			);
			name = http;
			sourceTree = "<group>";
		};
		424307A01D1D7C7C00880BDB /* response */ = {
			isa = PBXGroup;
			children = (
			);
			name = response;
			sourceTree = "<group>";
		};
		424307A11D1D7C8700880BDB /* header */ = {
			isa = PBXGroup;
			children = (
			);
			name = header;
			sourceTree = "<group>";
		};
		424307A21D1D7C9300880BDB /* streamed */ = {
			isa = PBXGroup;
			children = (
			);
			name = streamed;
			sourceTree = "<group>";
		};
		424307A31D1D7C9900880BDB /* invoke */ = {
			isa = PBXGroup;
			children = (
			);
			name = invoke;
			sourceTree = "<group>";
		};
		424307A41D1D7CA100880BDB /* batch */ = {
			isa = PBXGroup;
			children = (
			);
			name = batch;
			sourceTree = "<group>";
		};
		424307A51D1D7CAE00880BDB /* cud */ = {
			isa = PBXGroup;
			children = (
			);
			name = cud;
			sourceTree = "<group>";
		};
		42E62B221D0B0E91004B1B6D = {
			isa = PBXGroup;
			children = (
				42E62B2D1D0B0E91004B1B6D /* iOS-Olingo */,
				42E62B421D0B0E91004B1B6D /* iOS-OlingoTests */,
				42E62B4D1D0B0E91004B1B6D /* iOS-OlingoUITests */,
				42E62B2C1D0B0E91004B1B6D /* Products */,
			);
			sourceTree = "<group>";
		};
		42E62B2C1D0B0E91004B1B6D /* Products */ = {
			isa = PBXGroup;
			children = (
				42E62B2B1D0B0E91004B1B6D /* iOS-Olingo.app */,
				42E62B3F1D0B0E91004B1B6D /* iOS-OlingoTests.xctest */,
				42E62B4A1D0B0E91004B1B6D /* iOS-OlingoUITests.xctest */,
			);
			name = Products;
			sourceTree = "<group>";
		};
		42E62B2D1D0B0E91004B1B6D /* iOS-Olingo */ = {
			isa = PBXGroup;
			children = (
				424307831D1C2B4D00880BDB /* Design Trials */,
				4243073E1D1BEAC900880BDB /* ClientLibrary */,
				4243073B1D19A11F00880BDB /* Entities */,
				42E62B2E1D0B0E91004B1B6D /* AppDelegate.swift */,
				42E62B301D0B0E91004B1B6D /* ViewController.swift */,
				42E62B321D0B0E91004B1B6D /* Main.storyboard */,
				42E62B351D0B0E91004B1B6D /* Assets.xcassets */,
				42E62B371D0B0E91004B1B6D /* LaunchScreen.storyboard */,
				42E62B3A1D0B0E91004B1B6D /* Info.plist */,
				424307391D198EAF00880BDB /* olingo120.png */,
				424307371D198AA700880BDB /* ResponseViewController.swift */,
			);
			path = "iOS-Olingo";
			sourceTree = "<group>";
		};
		42E62B421D0B0E91004B1B6D /* iOS-OlingoTests */ = {
			isa = PBXGroup;
			children = (
				42E62B431D0B0E91004B1B6D /* iOS_OlingoTests.swift */,
				42E62B451D0B0E91004B1B6D /* Info.plist */,
			);
			path = "iOS-OlingoTests";
			sourceTree = "<group>";
		};
		42E62B4D1D0B0E91004B1B6D /* iOS-OlingoUITests */ = {
			isa = PBXGroup;
			children = (
				42E62B4E1D0B0E91004B1B6D /* iOS_OlingoUITests.swift */,
				42E62B501D0B0E91004B1B6D /* Info.plist */,
			);
			path = "iOS-OlingoUITests";
			sourceTree = "<group>";
		};
/* End PBXGroup section */

/* Begin PBXNativeTarget section */
		42E62B2A1D0B0E91004B1B6D /* iOS-Olingo */ = {
			isa = PBXNativeTarget;
			buildConfigurationList = 42E62B531D0B0E91004B1B6D /* Build configuration list for PBXNativeTarget "iOS-Olingo" */;
			buildPhases = (
				42E62B271D0B0E91004B1B6D /* Sources */,
				42E62B281D0B0E91004B1B6D /* Frameworks */,
				42E62B291D0B0E91004B1B6D /* Resources */,
			);
			buildRules = (
			);
			dependencies = (
			);
			name = "iOS-Olingo";
			productName = "iOS-Olingo";
			productReference = 42E62B2B1D0B0E91004B1B6D /* iOS-Olingo.app */;
			productType = "com.apple.product-type.application";
		};
		42E62B3E1D0B0E91004B1B6D /* iOS-OlingoTests */ = {
			isa = PBXNativeTarget;
			buildConfigurationList = 42E62B561D0B0E91004B1B6D /* Build configuration list for PBXNativeTarget "iOS-OlingoTests" */;
			buildPhases = (
				42E62B3B1D0B0E91004B1B6D /* Sources */,
				42E62B3C1D0B0E91004B1B6D /* Frameworks */,
				42E62B3D1D0B0E91004B1B6D /* Resources */,
			);
			buildRules = (
			);
			dependencies = (
				42E62B411D0B0E91004B1B6D /* PBXTargetDependency */,
			);
			name = "iOS-OlingoTests";
			productName = "iOS-OlingoTests";
			productReference = 42E62B3F1D0B0E91004B1B6D /* iOS-OlingoTests.xctest */;
			productType = "com.apple.product-type.bundle.unit-test";
		};
		42E62B491D0B0E91004B1B6D /* iOS-OlingoUITests */ = {
			isa = PBXNativeTarget;
			buildConfigurationList = 42E62B591D0B0E91004B1B6D /* Build configuration list for PBXNativeTarget "iOS-OlingoUITests" */;
			buildPhases = (
				42E62B461D0B0E91004B1B6D /* Sources */,
				42E62B471D0B0E91004B1B6D /* Frameworks */,
				42E62B481D0B0E91004B1B6D /* Resources */,
			);
			buildRules = (
			);
			dependencies = (
				42E62B4C1D0B0E91004B1B6D /* PBXTargetDependency */,
			);
			name = "iOS-OlingoUITests";
			productName = "iOS-OlingoUITests";
			productReference = 42E62B4A1D0B0E91004B1B6D /* iOS-OlingoUITests.xctest */;
			productType = "com.apple.product-type.bundle.ui-testing";
		};
/* End PBXNativeTarget section */

/* Begin PBXProject section */
		42E62B231D0B0E91004B1B6D /* Project object */ = {
			isa = PBXProject;
			attributes = {
				LastSwiftUpdateCheck = 0730;
				LastUpgradeCheck = 0730;
				ORGANIZATIONNAME = EnergySys;
				TargetAttributes = {
					42E62B2A1D0B0E91004B1B6D = {
						CreatedOnToolsVersion = 7.3.1;
						DevelopmentTeam = CPCGPS8BYM;
					};
					42E62B3E1D0B0E91004B1B6D = {
						CreatedOnToolsVersion = 7.3.1;
						TestTargetID = 42E62B2A1D0B0E91004B1B6D;
					};
					42E62B491D0B0E91004B1B6D = {
						CreatedOnToolsVersion = 7.3.1;
						TestTargetID = 42E62B2A1D0B0E91004B1B6D;
					};
				};
			};
			buildConfigurationList = 42E62B261D0B0E91004B1B6D /* Build configuration list for PBXProject "iOS-Olingo" */;
			compatibilityVersion = "Xcode 3.2";
			developmentRegion = English;
			hasScannedForEncodings = 0;
			knownRegions = (
				en,
				Base,
			);
			mainGroup = 42E62B221D0B0E91004B1B6D;
			productRefGroup = 42E62B2C1D0B0E91004B1B6D /* Products */;
			projectDirPath = "";
			projectRoot = "";
			targets = (
				42E62B2A1D0B0E91004B1B6D /* iOS-Olingo */,
				42E62B3E1D0B0E91004B1B6D /* iOS-OlingoTests */,
				42E62B491D0B0E91004B1B6D /* iOS-OlingoUITests */,
			);
		};
/* End PBXProject section */

/* Begin PBXResourcesBuildPhase section */
		42E62B291D0B0E91004B1B6D /* Resources */ = {
			isa = PBXResourcesBuildPhase;
			buildActionMask = 2147483647;
			files = (
				42E62B391D0B0E91004B1B6D /* LaunchScreen.storyboard in Resources */,
				42E62B361D0B0E91004B1B6D /* Assets.xcassets in Resources */,
				42E62B341D0B0E91004B1B6D /* Main.storyboard in Resources */,
				4243073A1D198EAF00880BDB /* olingo120.png in Resources */,
			);
			runOnlyForDeploymentPostprocessing = 0;
		};
		42E62B3D1D0B0E91004B1B6D /* Resources */ = {
			isa = PBXResourcesBuildPhase;
			buildActionMask = 2147483647;
			files = (
			);
			runOnlyForDeploymentPostprocessing = 0;
		};
		42E62B481D0B0E91004B1B6D /* Resources */ = {
			isa = PBXResourcesBuildPhase;
			buildActionMask = 2147483647;
			files = (
			);
			runOnlyForDeploymentPostprocessing = 0;
		};
/* End PBXResourcesBuildPhase section */

/* Begin PBXSourcesBuildPhase section */
		42E62B271D0B0E91004B1B6D /* Sources */ = {
			isa = PBXSourcesBuildPhase;
			buildActionMask = 2147483647;
			files = (
				42E62B311D0B0E91004B1B6D /* ViewController.swift in Sources */,
				424307381D198AA700880BDB /* ResponseViewController.swift in Sources */,
				4243078D1D1C3DD700880BDB /* ODataClientFactory.swift in Sources */,
				42E62B2F1D0B0E91004B1B6D /* AppDelegate.swift in Sources */,
				424307871D1C2C1D00880BDB /* PropertyTestImp.swift in Sources */,
				4243077B1D1C2A7C00880BDB /* RetrieveRequestFactory.swift in Sources */,
				4243078B1D1C2EF600880BDB /* RetrieveRequestFactoryImp.swift in Sources */,
				424307851D1C2BAB00880BDB /* PropertyTest.swift in Sources */,
				424307801D1C2B0600880BDB /* ODataClient.swift in Sources */,
				4243073D1D19A14B00880BDB /* Customer.swift in Sources */,
				424307821D1C2B3900880BDB /* ODataClientImp.swift in Sources */,
			);
			runOnlyForDeploymentPostprocessing = 0;
		};
		42E62B3B1D0B0E91004B1B6D /* Sources */ = {
			isa = PBXSourcesBuildPhase;
			buildActionMask = 2147483647;
			files = (
				42E62B441D0B0E91004B1B6D /* iOS_OlingoTests.swift in Sources */,
			);
			runOnlyForDeploymentPostprocessing = 0;
		};
		42E62B461D0B0E91004B1B6D /* Sources */ = {
			isa = PBXSourcesBuildPhase;
			buildActionMask = 2147483647;
			files = (
				42E62B4F1D0B0E91004B1B6D /* iOS_OlingoUITests.swift in Sources */,
			);
			runOnlyForDeploymentPostprocessing = 0;
		};
/* End PBXSourcesBuildPhase section */

/* Begin PBXTargetDependency section */
		42E62B411D0B0E91004B1B6D /* PBXTargetDependency */ = {
			isa = PBXTargetDependency;
			target = 42E62B2A1D0B0E91004B1B6D /* iOS-Olingo */;
			targetProxy = 42E62B401D0B0E91004B1B6D /* PBXContainerItemProxy */;
		};
		42E62B4C1D0B0E91004B1B6D /* PBXTargetDependency */ = {
			isa = PBXTargetDependency;
			target = 42E62B2A1D0B0E91004B1B6D /* iOS-Olingo */;
			targetProxy = 42E62B4B1D0B0E91004B1B6D /* PBXContainerItemProxy */;
		};
/* End PBXTargetDependency section */

/* Begin PBXVariantGroup section */
		42E62B321D0B0E91004B1B6D /* Main.storyboard */ = {
			isa = PBXVariantGroup;
			children = (
				42E62B331D0B0E91004B1B6D /* Base */,
			);
			name = Main.storyboard;
			sourceTree = "<group>";
		};
		42E62B371D0B0E91004B1B6D /* LaunchScreen.storyboard */ = {
			isa = PBXVariantGroup;
			children = (
				42E62B381D0B0E91004B1B6D /* Base */,
			);
			name = LaunchScreen.storyboard;
			sourceTree = "<group>";
		};
/* End PBXVariantGroup section */

/* Begin XCBuildConfiguration section */
		42E62B511D0B0E91004B1B6D /* Debug */ = {
			isa = XCBuildConfiguration;
			buildSettings = {
				ALWAYS_SEARCH_USER_PATHS = NO;
				CLANG_ANALYZER_NONNULL = YES;
				CLANG_CXX_LANGUAGE_STANDARD = "gnu++0x";
				CLANG_CXX_LIBRARY = "libc++";
				CLANG_ENABLE_MODULES = YES;
				CLANG_ENABLE_OBJC_ARC = YES;
				CLANG_WARN_BOOL_CONVERSION = YES;
				CLANG_WARN_CONSTANT_CONVERSION = YES;
				CLANG_WARN_DIRECT_OBJC_ISA_USAGE = YES_ERROR;
				CLANG_WARN_EMPTY_BODY = YES;
				CLANG_WARN_ENUM_CONVERSION = YES;
				CLANG_WARN_INT_CONVERSION = YES;
				CLANG_WARN_OBJC_ROOT_CLASS = YES_ERROR;
				CLANG_WARN_UNREACHABLE_CODE = YES;
				CLANG_WARN__DUPLICATE_METHOD_MATCH = YES;
				CODE_SIGN_IDENTITY = "iPhone Developer: g.g.napier@rgu.ac.uk (57AE3XBSQN)";
				"CODE_SIGN_IDENTITY[sdk=iphoneos*]" = "iPhone Developer";
				COPY_PHASE_STRIP = NO;
				DEBUG_INFORMATION_FORMAT = dwarf;
				ENABLE_STRICT_OBJC_MSGSEND = YES;
				ENABLE_TESTABILITY = YES;
				GCC_C_LANGUAGE_STANDARD = gnu99;
				GCC_DYNAMIC_NO_PIC = NO;
				GCC_NO_COMMON_BLOCKS = YES;
				GCC_OPTIMIZATION_LEVEL = 0;
				GCC_PREPROCESSOR_DEFINITIONS = (
					"DEBUG=1",
					"$(inherited)",
				);
				GCC_WARN_64_TO_32_BIT_CONVERSION = YES;
				GCC_WARN_ABOUT_RETURN_TYPE = YES_ERROR;
				GCC_WARN_UNDECLARED_SELECTOR = YES;
				GCC_WARN_UNINITIALIZED_AUTOS = YES_AGGRESSIVE;
				GCC_WARN_UNUSED_FUNCTION = YES;
				GCC_WARN_UNUSED_VARIABLE = YES;
				IPHONEOS_DEPLOYMENT_TARGET = 9.3;
				MTL_ENABLE_DEBUG_INFO = YES;
				ONLY_ACTIVE_ARCH = YES;
				SDKROOT = iphoneos;
				SWIFT_OPTIMIZATION_LEVEL = "-Onone";
				TARGETED_DEVICE_FAMILY = "1,2";
			};
			name = Debug;
		};
		42E62B521D0B0E91004B1B6D /* Release */ = {
			isa = XCBuildConfiguration;
			buildSettings = {
				ALWAYS_SEARCH_USER_PATHS = NO;
				CLANG_ANALYZER_NONNULL = YES;
				CLANG_CXX_LANGUAGE_STANDARD = "gnu++0x";
				CLANG_CXX_LIBRARY = "libc++";
				CLANG_ENABLE_MODULES = YES;
				CLANG_ENABLE_OBJC_ARC = YES;
				CLANG_WARN_BOOL_CONVERSION = YES;
				CLANG_WARN_CONSTANT_CONVERSION = YES;
				CLANG_WARN_DIRECT_OBJC_ISA_USAGE = YES_ERROR;
				CLANG_WARN_EMPTY_BODY = YES;
				CLANG_WARN_ENUM_CONVERSION = YES;
				CLANG_WARN_INT_CONVERSION = YES;
				CLANG_WARN_OBJC_ROOT_CLASS = YES_ERROR;
				CLANG_WARN_UNREACHABLE_CODE = YES;
				CLANG_WARN__DUPLICATE_METHOD_MATCH = YES;
				CODE_SIGN_IDENTITY = "iPhone Developer: g.g.napier@rgu.ac.uk (57AE3XBSQN)";
				"CODE_SIGN_IDENTITY[sdk=iphoneos*]" = "iPhone Developer: g.g.napier@rgu.ac.uk (57AE3XBSQN)";
				COPY_PHASE_STRIP = NO;
				DEBUG_INFORMATION_FORMAT = "dwarf-with-dsym";
				ENABLE_NS_ASSERTIONS = NO;
				ENABLE_STRICT_OBJC_MSGSEND = YES;
				GCC_C_LANGUAGE_STANDARD = gnu99;
				GCC_NO_COMMON_BLOCKS = YES;
				GCC_WARN_64_TO_32_BIT_CONVERSION = YES;
				GCC_WARN_ABOUT_RETURN_TYPE = YES_ERROR;
				GCC_WARN_UNDECLARED_SELECTOR = YES;
				GCC_WARN_UNINITIALIZED_AUTOS = YES_AGGRESSIVE;
				GCC_WARN_UNUSED_FUNCTION = YES;
				GCC_WARN_UNUSED_VARIABLE = YES;
				IPHONEOS_DEPLOYMENT_TARGET = 9.3;
				MTL_ENABLE_DEBUG_INFO = NO;
				SDKROOT = iphoneos;
				TARGETED_DEVICE_FAMILY = "1,2";
				VALIDATE_PRODUCT = YES;
			};
			name = Release;
		};
		42E62B541D0B0E91004B1B6D /* Debug */ = {
			isa = XCBuildConfiguration;
			buildSettings = {
				ASSETCATALOG_COMPILER_APPICON_NAME = AppIcon;
				CODE_SIGN_IDENTITY = "iPhone Developer";
				"CODE_SIGN_IDENTITY[sdk=iphoneos*]" = "iPhone Developer";
				INFOPLIST_FILE = "iOS-Olingo/Info.plist";
				LD_RUNPATH_SEARCH_PATHS = "$(inherited) @executable_path/Frameworks";
				PRODUCT_BUNDLE_IDENTIFIER = "com.energysys.iOS-Olingo";
				PRODUCT_NAME = "$(TARGET_NAME)";
				PROVISIONING_PROFILE = "";
			};
			name = Debug;
		};
		42E62B551D0B0E91004B1B6D /* Release */ = {
			isa = XCBuildConfiguration;
			buildSettings = {
				ASSETCATALOG_COMPILER_APPICON_NAME = AppIcon;
				CODE_SIGN_IDENTITY = "iPhone Developer";
				"CODE_SIGN_IDENTITY[sdk=iphoneos*]" = "iPhone Developer";
				INFOPLIST_FILE = "iOS-Olingo/Info.plist";
				LD_RUNPATH_SEARCH_PATHS = "$(inherited) @executable_path/Frameworks";
				PRODUCT_BUNDLE_IDENTIFIER = "com.energysys.iOS-Olingo";
				PRODUCT_NAME = "$(TARGET_NAME)";
				PROVISIONING_PROFILE = "";
			};
			name = Release;
		};
		42E62B571D0B0E91004B1B6D /* Debug */ = {
			isa = XCBuildConfiguration;
			buildSettings = {
				BUNDLE_LOADER = "$(TEST_HOST)";
				INFOPLIST_FILE = "iOS-OlingoTests/Info.plist";
				LD_RUNPATH_SEARCH_PATHS = "$(inherited) @executable_path/Frameworks @loader_path/Frameworks";
				PRODUCT_BUNDLE_IDENTIFIER = "com.energysys.iOS-OlingoTests";
				PRODUCT_NAME = "$(TARGET_NAME)";
				TEST_HOST = "$(BUILT_PRODUCTS_DIR)/iOS-Olingo.app/iOS-Olingo";
			};
			name = Debug;
		};
		42E62B581D0B0E91004B1B6D /* Release */ = {
			isa = XCBuildConfiguration;
			buildSettings = {
				BUNDLE_LOADER = "$(TEST_HOST)";
				INFOPLIST_FILE = "iOS-OlingoTests/Info.plist";
				LD_RUNPATH_SEARCH_PATHS = "$(inherited) @executable_path/Frameworks @loader_path/Frameworks";
				PRODUCT_BUNDLE_IDENTIFIER = "com.energysys.iOS-OlingoTests";
				PRODUCT_NAME = "$(TARGET_NAME)";
				TEST_HOST = "$(BUILT_PRODUCTS_DIR)/iOS-Olingo.app/iOS-Olingo";
			};
			name = Release;
		};
		42E62B5A1D0B0E91004B1B6D /* Debug */ = {
			isa = XCBuildConfiguration;
			buildSettings = {
				INFOPLIST_FILE = "iOS-OlingoUITests/Info.plist";
				LD_RUNPATH_SEARCH_PATHS = "$(inherited) @executable_path/Frameworks @loader_path/Frameworks";
				PRODUCT_BUNDLE_IDENTIFIER = "com.energysys.iOS-OlingoUITests";
				PRODUCT_NAME = "$(TARGET_NAME)";
				TEST_TARGET_NAME = "iOS-Olingo";
			};
			name = Debug;
		};
		42E62B5B1D0B0E91004B1B6D /* Release */ = {
			isa = XCBuildConfiguration;
			buildSettings = {
				INFOPLIST_FILE = "iOS-OlingoUITests/Info.plist";
				LD_RUNPATH_SEARCH_PATHS = "$(inherited) @executable_path/Frameworks @loader_path/Frameworks";
				PRODUCT_BUNDLE_IDENTIFIER = "com.energysys.iOS-OlingoUITests";
				PRODUCT_NAME = "$(TARGET_NAME)";
				TEST_TARGET_NAME = "iOS-Olingo";
			};
			name = Release;
		};
/* End XCBuildConfiguration section */

/* Begin XCConfigurationList section */
		42E62B261D0B0E91004B1B6D /* Build configuration list for PBXProject "iOS-Olingo" */ = {
			isa = XCConfigurationList;
			buildConfigurations = (
				42E62B511D0B0E91004B1B6D /* Debug */,
				42E62B521D0B0E91004B1B6D /* Release */,
			);
			defaultConfigurationIsVisible = 0;
			defaultConfigurationName = Release;
		};
		42E62B531D0B0E91004B1B6D /* Build configuration list for PBXNativeTarget "iOS-Olingo" */ = {
			isa = XCConfigurationList;
			buildConfigurations = (
				42E62B541D0B0E91004B1B6D /* Debug */,
				42E62B551D0B0E91004B1B6D /* Release */,
			);
			defaultConfigurationIsVisible = 0;
			defaultConfigurationName = Release;
		};
		42E62B561D0B0E91004B1B6D /* Build configuration list for PBXNativeTarget "iOS-OlingoTests" */ = {
			isa = XCConfigurationList;
			buildConfigurations = (
				42E62B571D0B0E91004B1B6D /* Debug */,
				42E62B581D0B0E91004B1B6D /* Release */,
			);
			defaultConfigurationIsVisible = 0;
			defaultConfigurationName = Release;
		};
		42E62B591D0B0E91004B1B6D /* Build configuration list for PBXNativeTarget "iOS-OlingoUITests" */ = {
			isa = XCConfigurationList;
			buildConfigurations = (
				42E62B5A1D0B0E91004B1B6D /* Debug */,
				42E62B5B1D0B0E91004B1B6D /* Release */,
			);
			defaultConfigurationIsVisible = 0;
			defaultConfigurationName = Release;
		};
/* End XCConfigurationList section */
	};
	rootObject = 42E62B231D0B0E91004B1B6D /* Project object */;
}
